// !$*UTF8*$!
{
	archiveVersion = 1;
	classes = {
	};
	objectVersion = 46;
	objects = {

/* Begin PBXBuildFile section */
		64A645421EF22505009D8C70 /* main.m in Sources */ = {isa = PBXBuildFile; fileRef = 64A645411EF22505009D8C70 /* main.m */; };
		64A645451EF22505009D8C70 /* AppDelegate.m in Sources */ = {isa = PBXBuildFile; fileRef = 64A645441EF22505009D8C70 /* AppDelegate.m */; };
		64A645481EF22505009D8C70 /* ViewController.m in Sources */ = {isa = PBXBuildFile; fileRef = 64A645471EF22505009D8C70 /* ViewController.m */; };
		64A6454B1EF22505009D8C70 /* Main.storyboard in Resources */ = {isa = PBXBuildFile; fileRef = 64A645491EF22505009D8C70 /* Main.storyboard */; };
		64A6454D1EF22505009D8C70 /* Assets.xcassets in Resources */ = {isa = PBXBuildFile; fileRef = 64A6454C1EF22505009D8C70 /* Assets.xcassets */; };
		64A645501EF22505009D8C70 /* LaunchScreen.storyboard in Resources */ = {isa = PBXBuildFile; fileRef = 64A6454E1EF22505009D8C70 /* LaunchScreen.storyboard */; };
		64A6455B1EF22505009D8C70 /* CYMulitiTableDemoTests.m in Sources */ = {isa = PBXBuildFile; fileRef = 64A6455A1EF22505009D8C70 /* CYMulitiTableDemoTests.m */; };
		64A645661EF22505009D8C70 /* CYMulitiTableDemoUITests.m in Sources */ = {isa = PBXBuildFile; fileRef = 64A645651EF22505009D8C70 /* CYMulitiTableDemoUITests.m */; };
		64A645A51EF23B05009D8C70 /* CYMultiTableTitle.m in Sources */ = {isa = PBXBuildFile; fileRef = 64A645A41EF23B05009D8C70 /* CYMultiTableTitle.m */; };
		64A645AF1EF253B5009D8C70 /* CYColumnCell.m in Sources */ = {isa = PBXBuildFile; fileRef = 64A645A81EF253B5009D8C70 /* CYColumnCell.m */; };
		64A645B01EF253B5009D8C70 /* CYMultiOrigTableViewCell.m in Sources */ = {isa = PBXBuildFile; fileRef = 64A645AA1EF253B5009D8C70 /* CYMultiOrigTableViewCell.m */; };
		64A645B11EF253B5009D8C70 /* CYMultiTableHeaderView.m in Sources */ = {isa = PBXBuildFile; fileRef = 64A645AC1EF253B5009D8C70 /* CYMultiTableHeaderView.m */; };
		64A645B21EF253B5009D8C70 /* CYMultiTableView.m in Sources */ = {isa = PBXBuildFile; fileRef = 64A645AE1EF253B5009D8C70 /* CYMultiTableView.m */; };
/* End PBXBuildFile section */

/* Begin PBXContainerItemProxy section */
		64A645571EF22505009D8C70 /* PBXContainerItemProxy */ = {
			isa = PBXContainerItemProxy;
			containerPortal = 64A645351EF22505009D8C70 /* Project object */;
			proxyType = 1;
			remoteGlobalIDString = 64A6453C1EF22505009D8C70;
			remoteInfo = CYMulitiTableDemo;
		};
		64A645621EF22505009D8C70 /* PBXContainerItemProxy */ = {
			isa = PBXContainerItemProxy;
			containerPortal = 64A645351EF22505009D8C70 /* Project object */;
			proxyType = 1;
			remoteGlobalIDString = 64A6453C1EF22505009D8C70;
			remoteInfo = CYMulitiTableDemo;
		};
/* End PBXContainerItemProxy section */

/* Begin PBXFileReference section */
		64A6453D1EF22505009D8C70 /* CYMulitiTableDemo.app */ = {isa = PBXFileReference; explicitFileType = wrapper.application; includeInIndex = 0; path = CYMulitiTableDemo.app; sourceTree = BUILT_PRODUCTS_DIR; };
		64A645411EF22505009D8C70 /* main.m */ = {isa = PBXFileReference; lastKnownFileType = sourcecode.c.objc; path = main.m; sourceTree = "<group>"; };
		64A645431EF22505009D8C70 /* AppDelegate.h */ = {isa = PBXFileReference; lastKnownFileType = sourcecode.c.h; path = AppDelegate.h; sourceTree = "<group>"; };
		64A645441EF22505009D8C70 /* AppDelegate.m */ = {isa = PBXFileReference; lastKnownFileType = sourcecode.c.objc; path = AppDelegate.m; sourceTree = "<group>"; };
		64A645461EF22505009D8C70 /* ViewController.h */ = {isa = PBXFileReference; lastKnownFileType = sourcecode.c.h; path = ViewController.h; sourceTree = "<group>"; };
		64A645471EF22505009D8C70 /* ViewController.m */ = {isa = PBXFileReference; lastKnownFileType = sourcecode.c.objc; path = ViewController.m; sourceTree = "<group>"; };
		64A6454A1EF22505009D8C70 /* Base */ = {isa = PBXFileReference; lastKnownFileType = file.storyboard; name = Base; path = Base.lproj/Main.storyboard; sourceTree = "<group>"; };
		64A6454C1EF22505009D8C70 /* Assets.xcassets */ = {isa = PBXFileReference; lastKnownFileType = folder.assetcatalog; path = Assets.xcassets; sourceTree = "<group>"; };
		64A6454F1EF22505009D8C70 /* Base */ = {isa = PBXFileReference; lastKnownFileType = file.storyboard; name = Base; path = Base.lproj/LaunchScreen.storyboard; sourceTree = "<group>"; };
		64A645511EF22505009D8C70 /* Info.plist */ = {isa = PBXFileReference; lastKnownFileType = text.plist.xml; path = Info.plist; sourceTree = "<group>"; };
		64A645561EF22505009D8C70 /* CYMulitiTableDemoTests.xctest */ = {isa = PBXFileReference; explicitFileType = wrapper.cfbundle; includeInIndex = 0; path = CYMulitiTableDemoTests.xctest; sourceTree = BUILT_PRODUCTS_DIR; };
		64A6455A1EF22505009D8C70 /* CYMulitiTableDemoTests.m */ = {isa = PBXFileReference; lastKnownFileType = sourcecode.c.objc; path = CYMulitiTableDemoTests.m; sourceTree = "<group>"; };
		64A6455C1EF22505009D8C70 /* Info.plist */ = {isa = PBXFileReference; lastKnownFileType = text.plist.xml; path = Info.plist; sourceTree = "<group>"; };
		64A645611EF22505009D8C70 /* CYMulitiTableDemoUITests.xctest */ = {isa = PBXFileReference; explicitFileType = wrapper.cfbundle; includeInIndex = 0; path = CYMulitiTableDemoUITests.xctest; sourceTree = BUILT_PRODUCTS_DIR; };
		64A645651EF22505009D8C70 /* CYMulitiTableDemoUITests.m */ = {isa = PBXFileReference; lastKnownFileType = sourcecode.c.objc; path = CYMulitiTableDemoUITests.m; sourceTree = "<group>"; };
		64A645671EF22505009D8C70 /* Info.plist */ = {isa = PBXFileReference; lastKnownFileType = text.plist.xml; path = Info.plist; sourceTree = "<group>"; };
		64A645A31EF23B05009D8C70 /* CYMultiTableTitle.h */ = {isa = PBXFileReference; fileEncoding = 4; lastKnownFileType = sourcecode.c.h; path = CYMultiTableTitle.h; sourceTree = "<group>"; };
		64A645A41EF23B05009D8C70 /* CYMultiTableTitle.m */ = {isa = PBXFileReference; fileEncoding = 4; lastKnownFileType = sourcecode.c.objc; path = CYMultiTableTitle.m; sourceTree = "<group>"; };
		64A645A71EF253B5009D8C70 /* CYColumnCell.h */ = {isa = PBXFileReference; fileEncoding = 4; lastKnownFileType = sourcecode.c.h; path = CYColumnCell.h; sourceTree = "<group>"; };
		64A645A81EF253B5009D8C70 /* CYColumnCell.m */ = {isa = PBXFileReference; fileEncoding = 4; lastKnownFileType = sourcecode.c.objc; path = CYColumnCell.m; sourceTree = "<group>"; };
		64A645A91EF253B5009D8C70 /* CYMultiOrigTableViewCell.h */ = {isa = PBXFileReference; fileEncoding = 4; lastKnownFileType = sourcecode.c.h; path = CYMultiOrigTableViewCell.h; sourceTree = "<group>"; };
		64A645AA1EF253B5009D8C70 /* CYMultiOrigTableViewCell.m */ = {isa = PBXFileReference; fileEncoding = 4; lastKnownFileType = sourcecode.c.objc; path = CYMultiOrigTableViewCell.m; sourceTree = "<group>"; };
		64A645AB1EF253B5009D8C70 /* CYMultiTableHeaderView.h */ = {isa = PBXFileReference; fileEncoding = 4; lastKnownFileType = sourcecode.c.h; path = CYMultiTableHeaderView.h; sourceTree = "<group>"; };
		64A645AC1EF253B5009D8C70 /* CYMultiTableHeaderView.m */ = {isa = PBXFileReference; fileEncoding = 4; lastKnownFileType = sourcecode.c.objc; path = CYMultiTableHeaderView.m; sourceTree = "<group>"; };
		64A645AD1EF253B5009D8C70 /* CYMultiTableView.h */ = {isa = PBXFileReference; fileEncoding = 4; lastKnownFileType = sourcecode.c.h; path = CYMultiTableView.h; sourceTree = "<group>"; };
		64A645AE1EF253B5009D8C70 /* CYMultiTableView.m */ = {isa = PBXFileReference; fileEncoding = 4; lastKnownFileType = sourcecode.c.objc; path = CYMultiTableView.m; sourceTree = "<group>"; };
/* End PBXFileReference section */

/* Begin PBXFrameworksBuildPhase section */
		64A6453A1EF22505009D8C70 /* Frameworks */ = {
			isa = PBXFrameworksBuildPhase;
			buildActionMask = 2147483647;
			files = (
			);
			runOnlyForDeploymentPostprocessing = 0;
		};
		64A645531EF22505009D8C70 /* Frameworks */ = {
			isa = PBXFrameworksBuildPhase;
			buildActionMask = 2147483647;
			files = (
			);
			runOnlyForDeploymentPostprocessing = 0;
		};
		64A6455E1EF22505009D8C70 /* Frameworks */ = {
			isa = PBXFrameworksBuildPhase;
			buildActionMask = 2147483647;
			files = (
			);
			runOnlyForDeploymentPostprocessing = 0;
		};
/* End PBXFrameworksBuildPhase section */

/* Begin PBXGroup section */
		64A645341EF22505009D8C70 = {
			isa = PBXGroup;
			children = (
				64A6453F1EF22505009D8C70 /* CYMulitiTableDemo */,
				64A645591EF22505009D8C70 /* CYMulitiTableDemoTests */,
				64A645641EF22505009D8C70 /* CYMulitiTableDemoUITests */,
				64A6453E1EF22505009D8C70 /* Products */,
			);
			sourceTree = "<group>";
		};
		64A6453E1EF22505009D8C70 /* Products */ = {
			isa = PBXGroup;
			children = (
				64A6453D1EF22505009D8C70 /* CYMulitiTableDemo.app */,
				64A645561EF22505009D8C70 /* CYMulitiTableDemoTests.xctest */,
				64A645611EF22505009D8C70 /* CYMulitiTableDemoUITests.xctest */,
			);
			name = Products;
			sourceTree = "<group>";
		};
		64A6453F1EF22505009D8C70 /* CYMulitiTableDemo */ = {
			isa = PBXGroup;
			children = (
				64A645A61EF253B5009D8C70 /* CYMultiTableView */,
				64A645A21EF23B05009D8C70 /* Helper */,
				64A645431EF22505009D8C70 /* AppDelegate.h */,
				64A645441EF22505009D8C70 /* AppDelegate.m */,
				64A645461EF22505009D8C70 /* ViewController.h */,
				64A645471EF22505009D8C70 /* ViewController.m */,
				64A645491EF22505009D8C70 /* Main.storyboard */,
				64A6454C1EF22505009D8C70 /* Assets.xcassets */,
				64A6454E1EF22505009D8C70 /* LaunchScreen.storyboard */,
				64A645511EF22505009D8C70 /* Info.plist */,
				64A645401EF22505009D8C70 /* Supporting Files */,
			);
			path = CYMulitiTableDemo;
			sourceTree = "<group>";
		};
		64A645401EF22505009D8C70 /* Supporting Files */ = {
			isa = PBXGroup;
			children = (
				64A645411EF22505009D8C70 /* main.m */,
			);
			name = "Supporting Files";
			sourceTree = "<group>";
		};
		64A645591EF22505009D8C70 /* CYMulitiTableDemoTests */ = {
			isa = PBXGroup;
			children = (
				64A6455A1EF22505009D8C70 /* CYMulitiTableDemoTests.m */,
				64A6455C1EF22505009D8C70 /* Info.plist */,
			);
			path = CYMulitiTableDemoTests;
			sourceTree = "<group>";
		};
		64A645641EF22505009D8C70 /* CYMulitiTableDemoUITests */ = {
			isa = PBXGroup;
			children = (
				64A645651EF22505009D8C70 /* CYMulitiTableDemoUITests.m */,
				64A645671EF22505009D8C70 /* Info.plist */,
			);
			path = CYMulitiTableDemoUITests;
			sourceTree = "<group>";
		};
		64A645A21EF23B05009D8C70 /* Helper */ = {
			isa = PBXGroup;
			children = (
				64A645A31EF23B05009D8C70 /* CYMultiTableTitle.h */,
				64A645A41EF23B05009D8C70 /* CYMultiTableTitle.m */,
			);
			path = Helper;
			sourceTree = "<group>";
		};
		64A645A61EF253B5009D8C70 /* CYMultiTableView */ = {
			isa = PBXGroup;
			children = (
				64A645A71EF253B5009D8C70 /* CYColumnCell.h */,
				64A645A81EF253B5009D8C70 /* CYColumnCell.m */,
				64A645A91EF253B5009D8C70 /* CYMultiOrigTableViewCell.h */,
				64A645AA1EF253B5009D8C70 /* CYMultiOrigTableViewCell.m */,
				64A645AB1EF253B5009D8C70 /* CYMultiTableHeaderView.h */,
				64A645AC1EF253B5009D8C70 /* CYMultiTableHeaderView.m */,
				64A645AD1EF253B5009D8C70 /* CYMultiTableView.h */,
				64A645AE1EF253B5009D8C70 /* CYMultiTableView.m */,
			);
			name = CYMultiTableView;
			path = ../../CYMultiTableView;
			sourceTree = "<group>";
		};
/* End PBXGroup section */

/* Begin PBXNativeTarget section */
		64A6453C1EF22505009D8C70 /* CYMulitiTableDemo */ = {
			isa = PBXNativeTarget;
			buildConfigurationList = 64A6456A1EF22505009D8C70 /* Build configuration list for PBXNativeTarget "CYMulitiTableDemo" */;
			buildPhases = (
				64A645391EF22505009D8C70 /* Sources */,
				64A6453A1EF22505009D8C70 /* Frameworks */,
				64A6453B1EF22505009D8C70 /* Resources */,
			);
			buildRules = (
			);
			dependencies = (
			);
			name = CYMulitiTableDemo;
			productName = CYMulitiTableDemo;
			productReference = 64A6453D1EF22505009D8C70 /* CYMulitiTableDemo.app */;
			productType = "com.apple.product-type.application";
		};
		64A645551EF22505009D8C70 /* CYMulitiTableDemoTests */ = {
			isa = PBXNativeTarget;
			buildConfigurationList = 64A6456D1EF22505009D8C70 /* Build configuration list for PBXNativeTarget "CYMulitiTableDemoTests" */;
			buildPhases = (
				64A645521EF22505009D8C70 /* Sources */,
				64A645531EF22505009D8C70 /* Frameworks */,
				64A645541EF22505009D8C70 /* Resources */,
			);
			buildRules = (
			);
			dependencies = (
				64A645581EF22505009D8C70 /* PBXTargetDependency */,
			);
			name = CYMulitiTableDemoTests;
			productName = CYMulitiTableDemoTests;
			productReference = 64A645561EF22505009D8C70 /* CYMulitiTableDemoTests.xctest */;
			productType = "com.apple.product-type.bundle.unit-test";
		};
		64A645601EF22505009D8C70 /* CYMulitiTableDemoUITests */ = {
			isa = PBXNativeTarget;
			buildConfigurationList = 64A645701EF22505009D8C70 /* Build configuration list for PBXNativeTarget "CYMulitiTableDemoUITests" */;
			buildPhases = (
				64A6455D1EF22505009D8C70 /* Sources */,
				64A6455E1EF22505009D8C70 /* Frameworks */,
				64A6455F1EF22505009D8C70 /* Resources */,
			);
			buildRules = (
			);
			dependencies = (
				64A645631EF22505009D8C70 /* PBXTargetDependency */,
			);
			name = CYMulitiTableDemoUITests;
			productName = CYMulitiTableDemoUITests;
			productReference = 64A645611EF22505009D8C70 /* CYMulitiTableDemoUITests.xctest */;
			productType = "com.apple.product-type.bundle.ui-testing";
		};
/* End PBXNativeTarget section */

/* Begin PBXProject section */
		64A645351EF22505009D8C70 /* Project object */ = {
			isa = PBXProject;
			attributes = {
				LastUpgradeCheck = 0830;
				ORGANIZATIONNAME = "Yu Cheng";
				TargetAttributes = {
					64A6453C1EF22505009D8C70 = {
						CreatedOnToolsVersion = 8.3.3;
						ProvisioningStyle = Automatic;
					};
					64A645551EF22505009D8C70 = {
						CreatedOnToolsVersion = 8.3.3;
						ProvisioningStyle = Automatic;
						TestTargetID = 64A6453C1EF22505009D8C70;
					};
					64A645601EF22505009D8C70 = {
						CreatedOnToolsVersion = 8.3.3;
						ProvisioningStyle = Automatic;
						TestTargetID = 64A6453C1EF22505009D8C70;
					};
				};
			};
			buildConfigurationList = 64A645381EF22505009D8C70 /* Build configuration list for PBXProject "CYMulitiTableDemo" */;
			compatibilityVersion = "Xcode 3.2";
			developmentRegion = English;
			hasScannedForEncodings = 0;
			knownRegions = (
				en,
				Base,
			);
			mainGroup = 64A645341EF22505009D8C70;
			productRefGroup = 64A6453E1EF22505009D8C70 /* Products */;
			projectDirPath = "";
			projectRoot = "";
			targets = (
				64A6453C1EF22505009D8C70 /* CYMulitiTableDemo */,
				64A645551EF22505009D8C70 /* CYMulitiTableDemoTests */,
				64A645601EF22505009D8C70 /* CYMulitiTableDemoUITests */,
			);
		};
/* End PBXProject section */

/* Begin PBXResourcesBuildPhase section */
		64A6453B1EF22505009D8C70 /* Resources */ = {
			isa = PBXResourcesBuildPhase;
			buildActionMask = 2147483647;
			files = (
				64A645501EF22505009D8C70 /* LaunchScreen.storyboard in Resources */,
				64A6454D1EF22505009D8C70 /* Assets.xcassets in Resources */,
				64A6454B1EF22505009D8C70 /* Main.storyboard in Resources */,
			);
			runOnlyForDeploymentPostprocessing = 0;
		};
		64A645541EF22505009D8C70 /* Resources */ = {
			isa = PBXResourcesBuildPhase;
			buildActionMask = 2147483647;
			files = (
			);
			runOnlyForDeploymentPostprocessing = 0;
		};
		64A6455F1EF22505009D8C70 /* Resources */ = {
			isa = PBXResourcesBuildPhase;
			buildActionMask = 2147483647;
			files = (
			);
			runOnlyForDeploymentPostprocessing = 0;
		};
/* End PBXResourcesBuildPhase section */

/* Begin PBXSourcesBuildPhase section */
		64A645391EF22505009D8C70 /* Sources */ = {
			isa = PBXSourcesBuildPhase;
			buildActionMask = 2147483647;
			files = (
				64A645B01EF253B5009D8C70 /* CYMultiOrigTableViewCell.m in Sources */,
				64A645481EF22505009D8C70 /* ViewController.m in Sources */,
				64A645451EF22505009D8C70 /* AppDelegate.m in Sources */,
				64A645421EF22505009D8C70 /* main.m in Sources */,
				64A645AF1EF253B5009D8C70 /* CYColumnCell.m in Sources */,
				64A645B11EF253B5009D8C70 /* CYMultiTableHeaderView.m in Sources */,
				64A645A51EF23B05009D8C70 /* CYMultiTableTitle.m in Sources */,
				64A645B21EF253B5009D8C70 /* CYMultiTableView.m in Sources */,
			);
			runOnlyForDeploymentPostprocessing = 0;
		};
		64A645521EF22505009D8C70 /* Sources */ = {
			isa = PBXSourcesBuildPhase;
			buildActionMask = 2147483647;
			files = (
				64A6455B1EF22505009D8C70 /* CYMulitiTableDemoTests.m in Sources */,
			);
			runOnlyForDeploymentPostprocessing = 0;
		};
		64A6455D1EF22505009D8C70 /* Sources */ = {
			isa = PBXSourcesBuildPhase;
			buildActionMask = 2147483647;
			files = (
				64A645661EF22505009D8C70 /* CYMulitiTableDemoUITests.m in Sources */,
			);
			runOnlyForDeploymentPostprocessing = 0;
		};
/* End PBXSourcesBuildPhase section */

/* Begin PBXTargetDependency section */
		64A645581EF22505009D8C70 /* PBXTargetDependency */ = {
			isa = PBXTargetDependency;
			target = 64A6453C1EF22505009D8C70 /* CYMulitiTableDemo */;
			targetProxy = 64A645571EF22505009D8C70 /* PBXContainerItemProxy */;
		};
		64A645631EF22505009D8C70 /* PBXTargetDependency */ = {
			isa = PBXTargetDependency;
			target = 64A6453C1EF22505009D8C70 /* CYMulitiTableDemo */;
			targetProxy = 64A645621EF22505009D8C70 /* PBXContainerItemProxy */;
		};
/* End PBXTargetDependency section */

/* Begin PBXVariantGroup section */
		64A645491EF22505009D8C70 /* Main.storyboard */ = {
			isa = PBXVariantGroup;
			children = (
				64A6454A1EF22505009D8C70 /* Base */,
			);
			name = Main.storyboard;
			sourceTree = "<group>";
		};
		64A6454E1EF22505009D8C70 /* LaunchScreen.storyboard */ = {
			isa = PBXVariantGroup;
			children = (
				64A6454F1EF22505009D8C70 /* Base */,
			);
			name = LaunchScreen.storyboard;
			sourceTree = "<group>";
		};
/* End PBXVariantGroup section */

/* Begin XCBuildConfiguration section */
		64A645681EF22505009D8C70 /* Debug */ = {
			isa = XCBuildConfiguration;
			buildSettings = {
				ALWAYS_SEARCH_USER_PATHS = NO;
				CLANG_ANALYZER_NONNULL = YES;
				CLANG_ANALYZER_NUMBER_OBJECT_CONVERSION = YES_AGGRESSIVE;
				CLANG_CXX_LANGUAGE_STANDARD = "gnu++0x";
				CLANG_CXX_LIBRARY = "libc++";
				CLANG_ENABLE_MODULES = YES;
				CLANG_ENABLE_OBJC_ARC = YES;
				CLANG_WARN_BOOL_CONVERSION = YES;
				CLANG_WARN_CONSTANT_CONVERSION = YES;
				CLANG_WARN_DIRECT_OBJC_ISA_USAGE = YES_ERROR;
				CLANG_WARN_DOCUMENTATION_COMMENTS = YES;
				CLANG_WARN_EMPTY_BODY = YES;
				CLANG_WARN_ENUM_CONVERSION = YES;
				CLANG_WARN_INFINITE_RECURSION = YES;
				CLANG_WARN_INT_CONVERSION = YES;
				CLANG_WARN_OBJC_ROOT_CLASS = YES_ERROR;
				CLANG_WARN_SUSPICIOUS_MOVE = YES;
				CLANG_WARN_UNREACHABLE_CODE = YES;
				CLANG_WARN__DUPLICATE_METHOD_MATCH = YES;
				"CODE_SIGN_IDENTITY[sdk=iphoneos*]" = "iPhone Developer";
				COPY_PHASE_STRIP = NO;
				DEBUG_INFORMATION_FORMAT = dwarf;
				ENABLE_STRICT_OBJC_MSGSEND = YES;
				ENABLE_TESTABILITY = YES;
				GCC_C_LANGUAGE_STANDARD = gnu99;
				GCC_DYNAMIC_NO_PIC = NO;
				GCC_NO_COMMON_BLOCKS = YES;
				GCC_OPTIMIZATION_LEVEL = 0;
				GCC_PREPROCESSOR_DEFINITIONS = (
					"DEBUG=1",
					"$(inherited)",
				);
				GCC_WARN_64_TO_32_BIT_CONVERSION = YES;
				GCC_WARN_ABOUT_RETURN_TYPE = YES_ERROR;
				GCC_WARN_UNDECLARED_SELECTOR = YES;
				GCC_WARN_UNINITIALIZED_AUTOS = YES_AGGRESSIVE;
				GCC_WARN_UNUSED_FUNCTION = YES;
				GCC_WARN_UNUSED_VARIABLE = YES;
				IPHONEOS_DEPLOYMENT_TARGET = 10.3;
				MTL_ENABLE_DEBUG_INFO = YES;
				ONLY_ACTIVE_ARCH = YES;
				SDKROOT = iphoneos;
			};
			name = Debug;
		};
		64A645691EF22505009D8C70 /* Release */ = {
			isa = XCBuildConfiguration;
			buildSettings = {
				ALWAYS_SEARCH_USER_PATHS = NO;
				CLANG_ANALYZER_NONNULL = YES;
				CLANG_ANALYZER_NUMBER_OBJECT_CONVERSION = YES_AGGRESSIVE;
				CLANG_CXX_LANGUAGE_STANDARD = "gnu++0x";
				CLANG_CXX_LIBRARY = "libc++";
				CLANG_ENABLE_MODULES = YES;
				CLANG_ENABLE_OBJC_ARC = YES;
				CLANG_WARN_BOOL_CONVERSION = YES;
				CLANG_WARN_CONSTANT_CONVERSION = YES;
				CLANG_WARN_DIRECT_OBJC_ISA_USAGE = YES_ERROR;
				CLANG_WARN_DOCUMENTATION_COMMENTS = YES;
				CLANG_WARN_EMPTY_BODY = YES;
				CLANG_WARN_ENUM_CONVERSION = YES;
				CLANG_WARN_INFINITE_RECURSION = YES;
				CLANG_WARN_INT_CONVERSION = YES;
				CLANG_WARN_OBJC_ROOT_CLASS = YES_ERROR;
				CLANG_WARN_SUSPICIOUS_MOVE = YES;
				CLANG_WARN_UNREACHABLE_CODE = YES;
				CLANG_WARN__DUPLICATE_METHOD_MATCH = YES;
				"CODE_SIGN_IDENTITY[sdk=iphoneos*]" = "iPhone Developer";
				COPY_PHASE_STRIP = NO;
				DEBUG_INFORMATION_FORMAT = "dwarf-with-dsym";
				ENABLE_NS_ASSERTIONS = NO;
				ENABLE_STRICT_OBJC_MSGSEND = YES;
				GCC_C_LANGUAGE_STANDARD = gnu99;
				GCC_NO_COMMON_BLOCKS = YES;
				GCC_WARN_64_TO_32_BIT_CONVERSION = YES;
				GCC_WARN_ABOUT_RETURN_TYPE = YES_ERROR;
				GCC_WARN_UNDECLARED_SELECTOR = YES;
				GCC_WARN_UNINITIALIZED_AUTOS = YES_AGGRESSIVE;
				GCC_WARN_UNUSED_FUNCTION = YES;
				GCC_WARN_UNUSED_VARIABLE = YES;
				IPHONEOS_DEPLOYMENT_TARGET = 10.3;
				MTL_ENABLE_DEBUG_INFO = NO;
				SDKROOT = iphoneos;
				VALIDATE_PRODUCT = YES;
			};
			name = Release;
		};
		64A6456B1EF22505009D8C70 /* Debug */ = {
			isa = XCBuildConfiguration;
			buildSettings = {
				ASSETCATALOG_COMPILER_APPICON_NAME = AppIcon;
				INFOPLIST_FILE = CYMulitiTableDemo/Info.plist;
				IPHONEOS_DEPLOYMENT_TARGET = 8.0;
				LD_RUNPATH_SEARCH_PATHS = "$(inherited) @executable_path/Frameworks";
				PRODUCT_BUNDLE_IDENTIFIER = com.cy.table.CYMulitiTableDemo;
				PRODUCT_NAME = "$(TARGET_NAME)";
			};
			name = Debug;
		};
		64A6456C1EF22505009D8C70 /* Release */ = {
			isa = XCBuildConfiguration;
			buildSettings = {
				ASSETCATALOG_COMPILER_APPICON_NAME = AppIcon;
				INFOPLIST_FILE = CYMulitiTableDemo/Info.plist;
				IPHONEOS_DEPLOYMENT_TARGET = 8.0;
				LD_RUNPATH_SEARCH_PATHS = "$(inherited) @executable_path/Frameworks";
				PRODUCT_BUNDLE_IDENTIFIER = com.cy.table.CYMulitiTableDemo;
				PRODUCT_NAME = "$(TARGET_NAME)";
			};
			name = Release;
		};
		64A6456E1EF22505009D8C70 /* Debug */ = {
			isa = XCBuildConfiguration;
			buildSettings = {
				BUNDLE_LOADER = "$(TEST_HOST)";
				INFOPLIST_FILE = CYMulitiTableDemoTests/Info.plist;
				LD_RUNPATH_SEARCH_PATHS = "$(inherited) @executable_path/Frameworks @loader_path/Frameworks";
				PRODUCT_BUNDLE_IDENTIFIER = com.cy.table.CYMulitiTableDemoTests;
				PRODUCT_NAME = "$(TARGET_NAME)";
				TEST_HOST = "$(BUILT_PRODUCTS_DIR)/CYMulitiTableDemo.app/CYMulitiTableDemo";
			};
			name = Debug;
		};
		64A6456F1EF22505009D8C70 /* Release */ = {
			isa = XCBuildConfiguration;
			buildSettings = {
				BUNDLE_LOADER = "$(TEST_HOST)";
				INFOPLIST_FILE = CYMulitiTableDemoTests/Info.plist;
				LD_RUNPATH_SEARCH_PATHS = "$(inherited) @executable_path/Frameworks @loader_path/Frameworks";
				PRODUCT_BUNDLE_IDENTIFIER = com.cy.table.CYMulitiTableDemoTests;
				PRODUCT_NAME = "$(TARGET_NAME)";
				TEST_HOST = "$(BUILT_PRODUCTS_DIR)/CYMulitiTableDemo.app/CYMulitiTableDemo";
			};
			name = Release;
		};
		64A645711EF22505009D8C70 /* Debug */ = {
			isa = XCBuildConfiguration;
			buildSettings = {
				INFOPLIST_FILE = CYMulitiTableDemoUITests/Info.plist;
				LD_RUNPATH_SEARCH_PATHS = "$(inherited) @executable_path/Frameworks @loader_path/Frameworks";
				PRODUCT_BUNDLE_IDENTIFIER = com.cy.table.CYMulitiTableDemoUITests;
				PRODUCT_NAME = "$(TARGET_NAME)";
				TEST_TARGET_NAME = CYMulitiTableDemo;
			};
			name = Debug;
		};
		64A645721EF22505009D8C70 /* Release */ = {
			isa = XCBuildConfiguration;
			buildSettings = {
				INFOPLIST_FILE = CYMulitiTableDemoUITests/Info.plist;
				LD_RUNPATH_SEARCH_PATHS = "$(inherited) @executable_path/Frameworks @loader_path/Frameworks";
				PRODUCT_BUNDLE_IDENTIFIER = com.cy.table.CYMulitiTableDemoUITests;
				PRODUCT_NAME = "$(TARGET_NAME)";
				TEST_TARGET_NAME = CYMulitiTableDemo;
			};
			name = Release;
		};
/* End XCBuildConfiguration section */

/* Begin XCConfigurationList section */
		64A645381EF22505009D8C70 /* Build configuration list for PBXProject "CYMulitiTableDemo" */ = {
			isa = XCConfigurationList;
			buildConfigurations = (
				64A645681EF22505009D8C70 /* Debug */,
				64A645691EF22505009D8C70 /* Release */,
			);
			defaultConfigurationIsVisible = 0;
			defaultConfigurationName = Release;
		};
		64A6456A1EF22505009D8C70 /* Build configuration list for PBXNativeTarget "CYMulitiTableDemo" */ = {
			isa = XCConfigurationList;
			buildConfigurations = (
				64A6456B1EF22505009D8C70 /* Debug */,
				64A6456C1EF22505009D8C70 /* Release */,
			);
			defaultConfigurationIsVisible = 0;
			defaultConfigurationName = Release;
		};
		64A6456D1EF22505009D8C70 /* Build configuration list for PBXNativeTarget "CYMulitiTableDemoTests" */ = {
			isa = XCConfigurationList;
			buildConfigurations = (
				64A6456E1EF22505009D8C70 /* Debug */,
				64A6456F1EF22505009D8C70 /* Release */,
			);
			defaultConfigurationIsVisible = 0;
			defaultConfigurationName = Release;
		};
		64A645701EF22505009D8C70 /* Build configuration list for PBXNativeTarget "CYMulitiTableDemoUITests" */ = {
			isa = XCConfigurationList;
			buildConfigurations = (
				64A645711EF22505009D8C70 /* Debug */,
				64A645721EF22505009D8C70 /* Release */,
			);
			defaultConfigurationIsVisible = 0;
			defaultConfigurationName = Release;
		};
/* End XCConfigurationList section */
	};
	rootObject = 64A645351EF22505009D8C70 /* Project object */;
}
